
Microsoft Visual Studio Solution File, Format Version 12.00
# Visual Studio Version 16
VisualStudioVersion = 16.0.31205.134
MinimumVisualStudioVersion = 10.0.40219.1
Project("{FAE04EC0-301F-11D3-BF4B-00C04F79EFBC}") = "v0623", "v0623\v0623.csproj", "{C88A8DB4-3D9B-4769-A076-494714B309DE}"
EndProject
Global
	GlobalSection(SolutionConfigurationPlatforms) = preSolution
		Debug|Any CPU = Debug|Any CPU
		Release|Any CPU = Release|Any CPU
	EndGlobalSection
	GlobalSection(ProjectConfigurationPlatforms) = postSolution
		{C88A8DB4-3D9B-4769-A076-494714B309DE}.Debug|Any CPU.ActiveCfg = Debug|Any CPU
		{C88A8DB4-3D9B-4769-A076-494714B309DE}.Debug|Any CPU.Build.0 = Debug|Any CPU
		{C88A8DB4-3D9B-4769-A076-494714B309DE}.Release|Any CPU.ActiveCfg = Release|Any CPU
		{C88A8DB4-3D9B-4769-A076-494714B309DE}.Release|Any CPU.Build.0 = Release|Any CPU
	EndGlobalSection
	GlobalSection(SolutionProperties) = preSolution
		HideSolutionNode = FALSE
	EndGlobalSection
	GlobalSection(ExtensibilityGlobals) = postSolution
		SolutionGuid = {9FB3AA9D-CF21-48C3-BAD3-9371E7D9A904}
	EndGlobalSection
EndGlobal
